{
  "name": "blog",
  "lockfileVersion": 3,
  "requires": true,
  "packages": {
    "": {
      "dependencies": {
        "openai": "^5.2.0"
      }
    },
    "node_modules/openai": {
      "version": "5.2.0",
      "resolved": "https://registry.npmjs.org/openai/-/openai-5.2.0.tgz",
      "integrity": "sha512-b+Sf2Yk2eApDkhqHr7C4d5hux9gkHUvyqQ7RrdSfLsjrXkCZpJPqkME0u5Py7RPB28Ozz+RkJZpW7YPTOoChew==",
      "license": "Apache-2.0",
      "bin": {
        "openai": "bin/cli"
      },
      "peerDependencies": {
        "ws": "^8.18.0",
        "zod": "^3.23.8"
      },
      "peerDependenciesMeta": {
        "ws": {
          "optional": true
        },
        "zod": {
          "optional": true
        }
      }
    }
  }
}
